{
  "name": "statistical-significance-in-model-comparison",
  "lockfileVersion": 3,
  "requires": true,
  "packages": {
    "": {
      "name": "statistical-significance-in-model-comparison",
      "dependencies": {
        "plotly.js-dist-min": "^4.1.1"
      }
    },
    "node_modules/plotly.js-dist-min": {
      "version": "4.1.1",
      "resolved": "https://registry.npmjs.org/plotly.js-dist-min/-/plotly.js-dist-min-4.1.1.tgz",
      "integrity": "sha512-4Jg6n9FKcn5WBuqHESZmueEBYOLjGlsz8ivzMCl03WCX+GAAOgIALvdONwIi54JDMq0tkxbu+vs5Yj7QSPQtgg==",
      "license": "MIT"
    }
  }
}
